// !$*UTF8*$!
{
	archiveVersion = 1;
	classes = {
	};
	objectVersion = 52;
	objects = {

/* Begin PBXBuildFile section */
		8747D73626150E8C001DDD7A /* Constanta.swift in Sources */ = {isa = PBXBuildFile; fileRef = 8747D73526150E8C001DDD7A /* Constanta.swift */; };
		875FC5B5260D0C19000D4CFB /* WebViewController.swift in Sources */ = {isa = PBXBuildFile; fileRef = 875FC5B4260D0C19000D4CFB /* WebViewController.swift */; };
		8773C9A12613933300A3081C /* SceneDelegate.swift in Sources */ = {isa = PBXBuildFile; fileRef = 8773C99D2613933300A3081C /* SceneDelegate.swift */; };
		8773C9A22613933300A3081C /* AppDelegate.swift in Sources */ = {isa = PBXBuildFile; fileRef = 8773C99F2613933300A3081C /* AppDelegate.swift */; };
		8773C9A82613941C00A3081C /* AlertController.swift in Sources */ = {isa = PBXBuildFile; fileRef = 8773C9A72613941C00A3081C /* AlertController.swift */; };
		87C685382605168E00C6DEC5 /* Main.storyboard in Resources */ = {isa = PBXBuildFile; fileRef = 87C685362605168E00C6DEC5 /* Main.storyboard */; };
		87C6853A2605168F00C6DEC5 /* Assets.xcassets in Resources */ = {isa = PBXBuildFile; fileRef = 87C685392605168F00C6DEC5 /* Assets.xcassets */; };
		87C6853D2605168F00C6DEC5 /* LaunchScreen.storyboard in Resources */ = {isa = PBXBuildFile; fileRef = 87C6853B2605168F00C6DEC5 /* LaunchScreen.storyboard */; };
		87C6854F2605190C00C6DEC5 /* DashbordTableViewController.swift in Sources */ = {isa = PBXBuildFile; fileRef = 87C6854E2605190C00C6DEC5 /* DashbordTableViewController.swift */; };
		87C68552260519DE00C6DEC5 /* CommensTableViewCell.swift in Sources */ = {isa = PBXBuildFile; fileRef = 87C68551260519DE00C6DEC5 /* CommensTableViewCell.swift */; };
		87C685562605211900C6DEC5 /* Model.swift in Sources */ = {isa = PBXBuildFile; fileRef = 87C685552605211900C6DEC5 /* Model.swift */; };
		D40A0D0D260C6B40004E57DC /* CommentNetworkService.swift in Sources */ = {isa = PBXBuildFile; fileRef = D40A0D0C260C6B40004E57DC /* CommentNetworkService.swift */; };
		D40A0D11260C7F6D004E57DC /* Kingfisher in Frameworks */ = {isa = PBXBuildFile; productRef = D40A0D10260C7F6D004E57DC /* Kingfisher */; };
		D421E635260C62EC00A750A7 /* GetCommentResponse.swift in Sources */ = {isa = PBXBuildFile; fileRef = D421E634260C62EC00A750A7 /* GetCommentResponse.swift */; };
		D421E638260C62F900A750A7 /* NetworkError.swift in Sources */ = {isa = PBXBuildFile; fileRef = D421E637260C62F900A750A7 /* NetworkError.swift */; };
		D421E63E260C631100A750A7 /* NetworkService.swift in Sources */ = {isa = PBXBuildFile; fileRef = D421E63D260C631100A750A7 /* NetworkService.swift */; };
/* End PBXBuildFile section */

/* Begin PBXFileReference section */
		8747D73526150E8C001DDD7A /* Constanta.swift */ = {isa = PBXFileReference; lastKnownFileType = sourcecode.swift; path = Constanta.swift; sourceTree = "<group>"; };
		875FC5B4260D0C19000D4CFB /* WebViewController.swift */ = {isa = PBXFileReference; lastKnownFileType = sourcecode.swift; path = WebViewController.swift; sourceTree = "<group>"; };
		8773C99D2613933300A3081C /* SceneDelegate.swift */ = {isa = PBXFileReference; lastKnownFileType = sourcecode.swift; path = SceneDelegate.swift; sourceTree = "<group>"; };
		8773C99F2613933300A3081C /* AppDelegate.swift */ = {isa = PBXFileReference; lastKnownFileType = sourcecode.swift; path = AppDelegate.swift; sourceTree = "<group>"; };
		8773C9A72613941C00A3081C /* AlertController.swift */ = {isa = PBXFileReference; lastKnownFileType = sourcecode.swift; path = AlertController.swift; sourceTree = "<group>"; };
		87C6852D2605168E00C6DEC5 /* NewsRus.app */ = {isa = PBXFileReference; explicitFileType = wrapper.application; includeInIndex = 0; path = NewsRus.app; sourceTree = BUILT_PRODUCTS_DIR; };
		87C685372605168E00C6DEC5 /* Base */ = {isa = PBXFileReference; lastKnownFileType = file.storyboard; name = Base; path = Base.lproj/Main.storyboard; sourceTree = "<group>"; };
		87C685392605168F00C6DEC5 /* Assets.xcassets */ = {isa = PBXFileReference; lastKnownFileType = folder.assetcatalog; path = Assets.xcassets; sourceTree = "<group>"; };
		87C6853C2605168F00C6DEC5 /* Base */ = {isa = PBXFileReference; lastKnownFileType = file.storyboard; name = Base; path = Base.lproj/LaunchScreen.storyboard; sourceTree = "<group>"; };
		87C6853E2605168F00C6DEC5 /* Info.plist */ = {isa = PBXFileReference; lastKnownFileType = text.plist.xml; path = Info.plist; sourceTree = "<group>"; };
		87C6854E2605190C00C6DEC5 /* DashbordTableViewController.swift */ = {isa = PBXFileReference; lastKnownFileType = sourcecode.swift; path = DashbordTableViewController.swift; sourceTree = "<group>"; };
		87C68551260519DE00C6DEC5 /* CommensTableViewCell.swift */ = {isa = PBXFileReference; lastKnownFileType = sourcecode.swift; path = CommensTableViewCell.swift; sourceTree = "<group>"; };
		87C685552605211900C6DEC5 /* Model.swift */ = {isa = PBXFileReference; lastKnownFileType = sourcecode.swift; path = Model.swift; sourceTree = "<group>"; };
		D40A0D0C260C6B40004E57DC /* CommentNetworkService.swift */ = {isa = PBXFileReference; fileEncoding = 4; lastKnownFileType = sourcecode.swift; path = CommentNetworkService.swift; sourceTree = "<group>"; };
		D421E634260C62EC00A750A7 /* GetCommentResponse.swift */ = {isa = PBXFileReference; fileEncoding = 4; lastKnownFileType = sourcecode.swift; path = GetCommentResponse.swift; sourceTree = "<group>"; };
		D421E637260C62F900A750A7 /* NetworkError.swift */ = {isa = PBXFileReference; fileEncoding = 4; lastKnownFileType = sourcecode.swift; path = NetworkError.swift; sourceTree = "<group>"; };
		D421E63D260C631100A750A7 /* NetworkService.swift */ = {isa = PBXFileReference; lastKnownFileType = sourcecode.swift; path = NetworkService.swift; sourceTree = "<group>"; };
/* End PBXFileReference section */

/* Begin PBXFrameworksBuildPhase section */
		87C6852A2605168E00C6DEC5 /* Frameworks */ = {
			isa = PBXFrameworksBuildPhase;
			buildActionMask = 2147483647;
			files = (
				D40A0D11260C7F6D004E57DC /* Kingfisher in Frameworks */,
			);
			runOnlyForDeploymentPostprocessing = 0;
		};
/* End PBXFrameworksBuildPhase section */

/* Begin PBXGroup section */
		8773C9A52613934A00A3081C /* Supporting files */ = {
			isa = PBXGroup;
			children = (
				8773C99F2613933300A3081C /* AppDelegate.swift */,
				8773C99D2613933300A3081C /* SceneDelegate.swift */,
				87C685392605168F00C6DEC5 /* Assets.xcassets */,
				87C6853B2605168F00C6DEC5 /* LaunchScreen.storyboard */,
			);
			path = "Supporting files";
			sourceTree = "<group>";
		};
		87C685242605168E00C6DEC5 = {
			isa = PBXGroup;
			children = (
				87C6852F2605168E00C6DEC5 /* NewsRus */,
				87C6852E2605168E00C6DEC5 /* Products */,
			);
			sourceTree = "<group>";
		};
		87C6852E2605168E00C6DEC5 /* Products */ = {
			isa = PBXGroup;
			children = (
				87C6852D2605168E00C6DEC5 /* NewsRus.app */,
			);
			name = Products;
			sourceTree = "<group>";
		};
		87C6852F2605168E00C6DEC5 /* NewsRus */ = {
			isa = PBXGroup;
			children = (
				87C6855D2605401300C6DEC5 /* Networc */,
				87C6854C260517EB00C6DEC5 /* Controller */,
				87C6854B260517DD00C6DEC5 /* View */,
				87C68548260517AE00C6DEC5 /* Model */,
				8773C9A52613934A00A3081C /* Supporting files */,
				87C6853E2605168F00C6DEC5 /* Info.plist */,
			);
			path = NewsRus;
			sourceTree = "<group>";
		};
		87C68548260517AE00C6DEC5 /* Model */ = {
			isa = PBXGroup;
			children = (
				87C685552605211900C6DEC5 /* Model.swift */,
				8747D73526150E8C001DDD7A /* Constanta.swift */,
			);
			path = Model;
			sourceTree = "<group>";
		};
		87C6854B260517DD00C6DEC5 /* View */ = {
			isa = PBXGroup;
			children = (
				87C68551260519DE00C6DEC5 /* CommensTableViewCell.swift */,
				87C685362605168E00C6DEC5 /* Main.storyboard */,
			);
			path = View;
			sourceTree = "<group>";
		};
		87C6854C260517EB00C6DEC5 /* Controller */ = {
			isa = PBXGroup;
			children = (
				87C6854E2605190C00C6DEC5 /* DashbordTableViewController.swift */,
				875FC5B4260D0C19000D4CFB /* WebViewController.swift */,
				8773C9A72613941C00A3081C /* AlertController.swift */,
			);
			path = Controller;
			sourceTree = "<group>";
		};
		87C6855D2605401300C6DEC5 /* Networc */ = {
			isa = PBXGroup;
			children = (
				D421E637260C62F900A750A7 /* NetworkError.swift */,
				D421E63D260C631100A750A7 /* NetworkService.swift */,
				D421E634260C62EC00A750A7 /* GetCommentResponse.swift */,
				D40A0D0C260C6B40004E57DC /* CommentNetworkService.swift */,
			);
			path = Networc;
			sourceTree = "<group>";
		};
/* End PBXGroup section */

/* Begin PBXNativeTarget section */
		87C6852C2605168E00C6DEC5 /* NewsRus */ = {
			isa = PBXNativeTarget;
			buildConfigurationList = 87C685412605168F00C6DEC5 /* Build configuration list for PBXNativeTarget "NewsRus" */;
			buildPhases = (
				87C685292605168E00C6DEC5 /* Sources */,
				87C6852A2605168E00C6DEC5 /* Frameworks */,
				87C6852B2605168E00C6DEC5 /* Resources */,
			);
			buildRules = (
			);
			dependencies = (
			);
			name = NewsRus;
			packageProductDependencies = (
				D40A0D10260C7F6D004E57DC /* Kingfisher */,
			);
			productName = NewsRus;
			productReference = 87C6852D2605168E00C6DEC5 /* NewsRus.app */;
			productType = "com.apple.product-type.application";
		};
/* End PBXNativeTarget section */

/* Begin PBXProject section */
		87C685252605168E00C6DEC5 /* Project object */ = {
			isa = PBXProject;
			attributes = {
				LastSwiftUpdateCheck = 1240;
				LastUpgradeCheck = 1240;
				TargetAttributes = {
					87C6852C2605168E00C6DEC5 = {
						CreatedOnToolsVersion = 12.4;
					};
				};
			};
			buildConfigurationList = 87C685282605168E00C6DEC5 /* Build configuration list for PBXProject "NewsRus" */;
			compatibilityVersion = "Xcode 9.3";
			developmentRegion = en;
			hasScannedForEncodings = 0;
			knownRegions = (
				en,
				Base,
			);
			mainGroup = 87C685242605168E00C6DEC5;
			packageReferences = (
				D40A0D0F260C7F6C004E57DC /* XCRemoteSwiftPackageReference "Kingfisher" */,
			);
			productRefGroup = 87C6852E2605168E00C6DEC5 /* Products */;
			projectDirPath = "";
			projectRoot = "";
			targets = (
				87C6852C2605168E00C6DEC5 /* NewsRus */,
			);
		};
/* End PBXProject section */

/* Begin PBXResourcesBuildPhase section */
		87C6852B2605168E00C6DEC5 /* Resources */ = {
			isa = PBXResourcesBuildPhase;
			buildActionMask = 2147483647;
			files = (
				87C6853D2605168F00C6DEC5 /* LaunchScreen.storyboard in Resources */,
				87C6853A2605168F00C6DEC5 /* Assets.xcassets in Resources */,
				87C685382605168E00C6DEC5 /* Main.storyboard in Resources */,
			);
			runOnlyForDeploymentPostprocessing = 0;
		};
/* End PBXResourcesBuildPhase section */

/* Begin PBXSourcesBuildPhase section */
		87C685292605168E00C6DEC5 /* Sources */ = {
			isa = PBXSourcesBuildPhase;
			buildActionMask = 2147483647;
			files = (
				8773C9A22613933300A3081C /* AppDelegate.swift in Sources */,
				D40A0D0D260C6B40004E57DC /* CommentNetworkService.swift in Sources */,
				8747D73626150E8C001DDD7A /* Constanta.swift in Sources */,
				875FC5B5260D0C19000D4CFB /* WebViewController.swift in Sources */,
				D421E63E260C631100A750A7 /* NetworkService.swift in Sources */,
				8773C9A82613941C00A3081C /* AlertController.swift in Sources */,
				87C685562605211900C6DEC5 /* Model.swift in Sources */,
				87C68552260519DE00C6DEC5 /* CommensTableViewCell.swift in Sources */,
				8773C9A12613933300A3081C /* SceneDelegate.swift in Sources */,
				87C6854F2605190C00C6DEC5 /* DashbordTableViewController.swift in Sources */,
				D421E635260C62EC00A750A7 /* GetCommentResponse.swift in Sources */,
				D421E638260C62F900A750A7 /* NetworkError.swift in Sources */,
			);
			runOnlyForDeploymentPostprocessing = 0;
		};
/* End PBXSourcesBuildPhase section */

/* Begin PBXVariantGroup section */
		87C685362605168E00C6DEC5 /* Main.storyboard */ = {
			isa = PBXVariantGroup;
			children = (
				87C685372605168E00C6DEC5 /* Base */,
			);
			name = Main.storyboard;
			sourceTree = "<group>";
		};
		87C6853B2605168F00C6DEC5 /* LaunchScreen.storyboard */ = {
			isa = PBXVariantGroup;
			children = (
				87C6853C2605168F00C6DEC5 /* Base */,
			);
			name = LaunchScreen.storyboard;
			sourceTree = "<group>";
		};
/* End PBXVariantGroup section */

/* Begin XCBuildConfiguration section */
		87C6853F2605168F00C6DEC5 /* Debug */ = {
			isa = XCBuildConfiguration;
			buildSettings = {
				ALWAYS_SEARCH_USER_PATHS = NO;
				CLANG_ANALYZER_NONNULL = YES;
				CLANG_ANALYZER_NUMBER_OBJECT_CONVERSION = YES_AGGRESSIVE;
				CLANG_CXX_LANGUAGE_STANDARD = "gnu++14";
				CLANG_CXX_LIBRARY = "libc++";
				CLANG_ENABLE_MODULES = YES;
				CLANG_ENABLE_OBJC_ARC = YES;
				CLANG_ENABLE_OBJC_WEAK = YES;
				CLANG_WARN_BLOCK_CAPTURE_AUTORELEASING = YES;
				CLANG_WARN_BOOL_CONVERSION = YES;
				CLANG_WARN_COMMA = YES;
				CLANG_WARN_CONSTANT_CONVERSION = YES;
				CLANG_WARN_DEPRECATED_OBJC_IMPLEMENTATIONS = YES;
				CLANG_WARN_DIRECT_OBJC_ISA_USAGE = YES_ERROR;
				CLANG_WARN_DOCUMENTATION_COMMENTS = YES;
				CLANG_WARN_EMPTY_BODY = YES;
				CLANG_WARN_ENUM_CONVERSION = YES;
				CLANG_WARN_INFINITE_RECURSION = YES;
				CLANG_WARN_INT_CONVERSION = YES;
				CLANG_WARN_NON_LITERAL_NULL_CONVERSION = YES;
				CLANG_WARN_OBJC_IMPLICIT_RETAIN_SELF = YES;
				CLANG_WARN_OBJC_LITERAL_CONVERSION = YES;
				CLANG_WARN_OBJC_ROOT_CLASS = YES_ERROR;
				CLANG_WARN_QUOTED_INCLUDE_IN_FRAMEWORK_HEADER = YES;
				CLANG_WARN_RANGE_LOOP_ANALYSIS = YES;
				CLANG_WARN_STRICT_PROTOTYPES = YES;
				CLANG_WARN_SUSPICIOUS_MOVE = YES;
				CLANG_WARN_UNGUARDED_AVAILABILITY = YES_AGGRESSIVE;
				CLANG_WARN_UNREACHABLE_CODE = YES;
				CLANG_WARN__DUPLICATE_METHOD_MATCH = YES;
				COPY_PHASE_STRIP = NO;
				DEBUG_INFORMATION_FORMAT = dwarf;
				ENABLE_STRICT_OBJC_MSGSEND = YES;
				ENABLE_TESTABILITY = YES;
				GCC_C_LANGUAGE_STANDARD = gnu11;
				GCC_DYNAMIC_NO_PIC = NO;
				GCC_NO_COMMON_BLOCKS = YES;
				GCC_OPTIMIZATION_LEVEL = 0;
				GCC_PREPROCESSOR_DEFINITIONS = (
					"DEBUG=1",
					"$(inherited)",
				);
				GCC_WARN_64_TO_32_BIT_CONVERSION = YES;
				GCC_WARN_ABOUT_RETURN_TYPE = YES_ERROR;
				GCC_WARN_UNDECLARED_SELECTOR = YES;
				GCC_WARN_UNINITIALIZED_AUTOS = YES_AGGRESSIVE;
				GCC_WARN_UNUSED_FUNCTION = YES;
				GCC_WARN_UNUSED_VARIABLE = YES;
				IPHONEOS_DEPLOYMENT_TARGET = 13.0;
				MTL_ENABLE_DEBUG_INFO = INCLUDE_SOURCE;
				MTL_FAST_MATH = YES;
				ONLY_ACTIVE_ARCH = YES;
				SDKROOT = iphoneos;
				SWIFT_ACTIVE_COMPILATION_CONDITIONS = DEBUG;
				SWIFT_OPTIMIZATION_LEVEL = "-Onone";
			};
			name = Debug;
		};
		87C685402605168F00C6DEC5 /* Release */ = {
			isa = XCBuildConfiguration;
			buildSettings = {
				ALWAYS_SEARCH_USER_PATHS = NO;
				CLANG_ANALYZER_NONNULL = YES;
				CLANG_ANALYZER_NUMBER_OBJECT_CONVERSION = YES_AGGRESSIVE;
				CLANG_CXX_LANGUAGE_STANDARD = "gnu++14";
				CLANG_CXX_LIBRARY = "libc++";
				CLANG_ENABLE_MODULES = YES;
				CLANG_ENABLE_OBJC_ARC = YES;
				CLANG_ENABLE_OBJC_WEAK = YES;
				CLANG_WARN_BLOCK_CAPTURE_AUTORELEASING = YES;
				CLANG_WARN_BOOL_CONVERSION = YES;
				CLANG_WARN_COMMA = YES;
				CLANG_WARN_CONSTANT_CONVERSION = YES;
				CLANG_WARN_DEPRECATED_OBJC_IMPLEMENTATIONS = YES;
				CLANG_WARN_DIRECT_OBJC_ISA_USAGE = YES_ERROR;
				CLANG_WARN_DOCUMENTATION_COMMENTS = YES;
				CLANG_WARN_EMPTY_BODY = YES;
				CLANG_WARN_ENUM_CONVERSION = YES;
				CLANG_WARN_INFINITE_RECURSION = YES;
				CLANG_WARN_INT_CONVERSION = YES;
				CLANG_WARN_NON_LITERAL_NULL_CONVERSION = YES;
				CLANG_WARN_OBJC_IMPLICIT_RETAIN_SELF = YES;
				CLANG_WARN_OBJC_LITERAL_CONVERSION = YES;
				CLANG_WARN_OBJC_ROOT_CLASS = YES_ERROR;
				CLANG_WARN_QUOTED_INCLUDE_IN_FRAMEWORK_HEADER = YES;
				CLANG_WARN_RANGE_LOOP_ANALYSIS = YES;
				CLANG_WARN_STRICT_PROTOTYPES = YES;
				CLANG_WARN_SUSPICIOUS_MOVE = YES;
				CLANG_WARN_UNGUARDED_AVAILABILITY = YES_AGGRESSIVE;
				CLANG_WARN_UNREACHABLE_CODE = YES;
				CLANG_WARN__DUPLICATE_METHOD_MATCH = YES;
				COPY_PHASE_STRIP = NO;
				DEBUG_INFORMATION_FORMAT = "dwarf-with-dsym";
				ENABLE_NS_ASSERTIONS = NO;
				ENABLE_STRICT_OBJC_MSGSEND = YES;
				GCC_C_LANGUAGE_STANDARD = gnu11;
				GCC_NO_COMMON_BLOCKS = YES;
				GCC_WARN_64_TO_32_BIT_CONVERSION = YES;
				GCC_WARN_ABOUT_RETURN_TYPE = YES_ERROR;
				GCC_WARN_UNDECLARED_SELECTOR = YES;
				GCC_WARN_UNINITIALIZED_AUTOS = YES_AGGRESSIVE;
				GCC_WARN_UNUSED_FUNCTION = YES;
				GCC_WARN_UNUSED_VARIABLE = YES;
				IPHONEOS_DEPLOYMENT_TARGET = 13.0;
				MTL_ENABLE_DEBUG_INFO = NO;
				MTL_FAST_MATH = YES;
				SDKROOT = iphoneos;
				SWIFT_COMPILATION_MODE = wholemodule;
				SWIFT_OPTIMIZATION_LEVEL = "-O";
				VALIDATE_PRODUCT = YES;
			};
			name = Release;
		};
		87C685422605168F00C6DEC5 /* Debug */ = {
			isa = XCBuildConfiguration;
			buildSettings = {
				ASSETCATALOG_COMPILER_APPICON_NAME = AppIcon;
				ASSETCATALOG_COMPILER_GLOBAL_ACCENT_COLOR_NAME = AccentColor;
				CODE_SIGN_STYLE = Automatic;
				DEVELOPMENT_TEAM = XYRYJ88DZU;
				INFOPLIST_FILE = NewsRus/Info.plist;
				IPHONEOS_DEPLOYMENT_TARGET = 13.0;
				LD_RUNPATH_SEARCH_PATHS = (
					"$(inherited)",
					"@executable_path/Frameworks",
				);
				PRODUCT_BUNDLE_IDENTIFIER = SergeyGolubnik.NewsRus;
				PRODUCT_NAME = "$(TARGET_NAME)";
				SWIFT_VERSION = 5.0;
				TARGETED_DEVICE_FAMILY = 1;
			};
			name = Debug;
		};
		87C685432605168F00C6DEC5 /* Release */ = {
			isa = XCBuildConfiguration;
			buildSettings = {
				ASSETCATALOG_COMPILER_APPICON_NAME = AppIcon;
				ASSETCATALOG_COMPILER_GLOBAL_ACCENT_COLOR_NAME = AccentColor;
				CODE_SIGN_STYLE = Automatic;
				DEVELOPMENT_TEAM = XYRYJ88DZU;
				INFOPLIST_FILE = NewsRus/Info.plist;
				IPHONEOS_DEPLOYMENT_TARGET = 13.0;
				LD_RUNPATH_SEARCH_PATHS = (
					"$(inherited)",
					"@executable_path/Frameworks",
				);
				PRODUCT_BUNDLE_IDENTIFIER = SergeyGolubnik.NewsRus;
				PRODUCT_NAME = "$(TARGET_NAME)";
				SWIFT_VERSION = 5.0;
				TARGETED_DEVICE_FAMILY = 1;
			};
			name = Release;
		};
/* End XCBuildConfiguration section */

/* Begin XCConfigurationList section */
		87C685282605168E00C6DEC5 /* Build configuration list for PBXProject "NewsRus" */ = {
			isa = XCConfigurationList;
			buildConfigurations = (
				87C6853F2605168F00C6DEC5 /* Debug */,
				87C685402605168F00C6DEC5 /* Release */,
			);
			defaultConfigurationIsVisible = 0;
			defaultConfigurationName = Release;
		};
		87C685412605168F00C6DEC5 /* Build configuration list for PBXNativeTarget "NewsRus" */ = {
			isa = XCConfigurationList;
			buildConfigurations = (
				87C685422605168F00C6DEC5 /* Debug */,
				87C685432605168F00C6DEC5 /* Release */,
			);
			defaultConfigurationIsVisible = 0;
			defaultConfigurationName = Release;
		};
/* End XCConfigurationList section */

/* Begin XCRemoteSwiftPackageReference section */
		D40A0D0F260C7F6C004E57DC /* XCRemoteSwiftPackageReference "Kingfisher" */ = {
			isa = XCRemoteSwiftPackageReference;
			repositoryURL = "https://github.com/onevcat/Kingfisher.git";
			requirement = {
				kind = upToNextMajorVersion;
				minimumVersion = 6.2.1;
			};
		};
/* End XCRemoteSwiftPackageReference section */

/* Begin XCSwiftPackageProductDependency section */
		D40A0D10260C7F6D004E57DC /* Kingfisher */ = {
			isa = XCSwiftPackageProductDependency;
			package = D40A0D0F260C7F6C004E57DC /* XCRemoteSwiftPackageReference "Kingfisher" */;
			productName = Kingfisher;
		};
/* End XCSwiftPackageProductDependency section */
	};
	rootObject = 87C685252605168E00C6DEC5 /* Project object */;
}
